
Microsoft Visual Studio Solution File, Format Version 11.00
# Visual C# Express 2010
Project("{FAE04EC0-301F-11D3-BF4B-00C04F79EFBC}") = "SampleFormApplication", "SampleFormApplication.csproj", "{4DFC416D-F53A-47D7-AE93-309A8D5B490E}"
EndProject
Project("{FAE04EC0-301F-11D3-BF4B-00C04F79EFBC}") = "WFMVC", "..\WFMVC\WFMVC.csproj", "{993B8F8D-27C5-4914-96B4-FE00B02F7071}"
EndProject
Global
	GlobalSection(SolutionConfigurationPlatforms) = preSolution
		Debug|Any CPU = Debug|Any CPU
		Debug|Mixed Platforms = Debug|Mixed Platforms
		Debug|x86 = Debug|x86
		Release|Any CPU = Release|Any CPU
		Release|Mixed Platforms = Release|Mixed Platforms
		Release|x86 = Release|x86
	EndGlobalSection
	GlobalSection(ProjectConfigurationPlatforms) = postSolution
		{4DFC416D-F53A-47D7-AE93-309A8D5B490E}.Debug|Any CPU.ActiveCfg = Debug|x86
		{4DFC416D-F53A-47D7-AE93-309A8D5B490E}.Debug|Mixed Platforms.ActiveCfg = Debug|x86
		{4DFC416D-F53A-47D7-AE93-309A8D5B490E}.Debug|Mixed Platforms.Build.0 = Debug|x86
		{4DFC416D-F53A-47D7-AE93-309A8D5B490E}.Debug|x86.ActiveCfg = Debug|x86
		{4DFC416D-F53A-47D7-AE93-309A8D5B490E}.Debug|x86.Build.0 = Debug|x86
		{4DFC416D-F53A-47D7-AE93-309A8D5B490E}.Release|Any CPU.ActiveCfg = Release|x86
		{4DFC416D-F53A-47D7-AE93-309A8D5B490E}.Release|Mixed Platforms.ActiveCfg = Release|x86
		{4DFC416D-F53A-47D7-AE93-309A8D5B490E}.Release|Mixed Platforms.Build.0 = Release|x86
		{4DFC416D-F53A-47D7-AE93-309A8D5B490E}.Release|x86.ActiveCfg = Release|x86
		{4DFC416D-F53A-47D7-AE93-309A8D5B490E}.Release|x86.Build.0 = Release|x86
		{993B8F8D-27C5-4914-96B4-FE00B02F7071}.Debug|Any CPU.ActiveCfg = Debug|Any CPU
		{993B8F8D-27C5-4914-96B4-FE00B02F7071}.Debug|Any CPU.Build.0 = Debug|Any CPU
		{993B8F8D-27C5-4914-96B4-FE00B02F7071}.Debug|Mixed Platforms.ActiveCfg = Debug|Any CPU
		{993B8F8D-27C5-4914-96B4-FE00B02F7071}.Debug|Mixed Platforms.Build.0 = Debug|Any CPU
		{993B8F8D-27C5-4914-96B4-FE00B02F7071}.Debug|x86.ActiveCfg = Debug|Any CPU
		{993B8F8D-27C5-4914-96B4-FE00B02F7071}.Release|Any CPU.ActiveCfg = Release|Any CPU
		{993B8F8D-27C5-4914-96B4-FE00B02F7071}.Release|Any CPU.Build.0 = Release|Any CPU
		{993B8F8D-27C5-4914-96B4-FE00B02F7071}.Release|Mixed Platforms.ActiveCfg = Release|Any CPU
		{993B8F8D-27C5-4914-96B4-FE00B02F7071}.Release|Mixed Platforms.Build.0 = Release|Any CPU
		{993B8F8D-27C5-4914-96B4-FE00B02F7071}.Release|x86.ActiveCfg = Release|Any CPU
	EndGlobalSection
	GlobalSection(SolutionProperties) = preSolution
		HideSolutionNode = FALSE
	EndGlobalSection
EndGlobal
